# This file is automatically @generated by Poetry and should not be changed by hand.

[[package]]
name = "pydub"
version = "0.25.1"
description = "Manipulate audio with an simple and easy high level interface"
category = "main"
optional = false
python-versions = "*"
files = [
    {file = "pydub-0.25.1-py2.py3-none-any.whl", hash = "sha256:65617e33033874b59d87db603aa1ed450633288aefead953b30bded59cb599a6"},
    {file = "pydub-0.25.1.tar.gz", hash = "sha256:980a33ce9949cab2a569606b65674d748ecbca4f0796887fd6f46173a7b0d30f"},
]

[[package]]
name = "pysubs2"
version = "1.6.0"
description = "A library for editing subtitle files"
category = "main"
optional = false
python-versions = ">=3.7"
files = [
    {file = "pysubs2-1.6.0-py3-none-any.whl", hash = "sha256:20d8ebb85bc7d93702b22451a65095a21dbf7ed6f788526ee4c2fb4bf2272d48"},
    {file = "pysubs2-1.6.0.tar.gz", hash = "sha256:ed6ff66eaf7d3bc98bb0970c6cd4bf7042a70a2da6e804ff03be4cd9c3179a4f"},
]

[[package]]
name = "whisper"
version = "1.0"
description = ""
category = "main"
optional = false
python-versions = ">=3.7"
files = []
develop = false

[package.extras]
dev = ["pytest"]

[package.source]
type = "git"
url = "https://github.com/openai/whisper"
reference = "HEAD"
resolved_reference = "28769fcfe50755a817ab922a7bc83483159600a9"

[metadata]
lock-version = "2.0"
python-versions = "^3.10"
content-hash = "2f876667274d94408b33a76f76a57427608def10b8470ac49509bf7a246f0b78"
